
Microsoft Visual Studio Solution File, Format Version 12.00
# Visual Studio Version 17
Project("{9A19103F-16F7-4668-BE54-9A1E7A4F7556}") = "FlexChartExplorer", "FlexChartExplorer.csproj", "{735859EB-4B00-444C-83B2-E0664332B688}"
EndProject
Global
	GlobalSection(SolutionConfigurationPlatforms) = preSolution
		Debug|Any CPU = Debug|Any CPU
		Debug|ARM64 = Debug|ARM64
		Debug|x64 = Debug|x64
		Debug|x86 = Debug|x86
		GRAPECITY|Any CPU = GRAPECITY|Any CPU
		GRAPECITY|ARM64 = GRAPECITY|ARM64
		GRAPECITY|x64 = GRAPECITY|x64
		GRAPECITY|x86 = GRAPECITY|x86
		Release|Any CPU = Release|Any CPU
		Release|ARM64 = Release|ARM64
		Release|x64 = Release|x64
		Release|x86 = Release|x86
	EndGlobalSection
	GlobalSection(ProjectConfigurationPlatforms) = postSolution
		{735859EB-4B00-444C-83B2-E0664332B688}.Debug|Any CPU.ActiveCfg = Debug|x64
		{735859EB-4B00-444C-83B2-E0664332B688}.Debug|Any CPU.Build.0 = Debug|x64
		{735859EB-4B00-444C-83B2-E0664332B688}.Debug|Any CPU.Deploy.0 = Debug|x64
		{735859EB-4B00-444C-83B2-E0664332B688}.Debug|ARM64.ActiveCfg = Debug|ARM64
		{735859EB-4B00-444C-83B2-E0664332B688}.Debug|ARM64.Build.0 = Debug|ARM64
		{735859EB-4B00-444C-83B2-E0664332B688}.Debug|ARM64.Deploy.0 = Debug|ARM64
		{735859EB-4B00-444C-83B2-E0664332B688}.Debug|x64.ActiveCfg = Debug|x64
		{735859EB-4B00-444C-83B2-E0664332B688}.Debug|x64.Build.0 = Debug|x64
		{735859EB-4B00-444C-83B2-E0664332B688}.Debug|x64.Deploy.0 = Debug|x64
		{735859EB-4B00-444C-83B2-E0664332B688}.Debug|x86.ActiveCfg = Debug|x86
		{735859EB-4B00-444C-83B2-E0664332B688}.Debug|x86.Build.0 = Debug|x86
		{735859EB-4B00-444C-83B2-E0664332B688}.Debug|x86.Deploy.0 = Debug|x86
		{735859EB-4B00-444C-83B2-E0664332B688}.GRAPECITY|Any CPU.ActiveCfg = Debug|x64
		{735859EB-4B00-444C-83B2-E0664332B688}.GRAPECITY|Any CPU.Build.0 = Debug|x64
		{735859EB-4B00-444C-83B2-E0664332B688}.GRAPECITY|Any CPU.Deploy.0 = Debug|x64
		{735859EB-4B00-444C-83B2-E0664332B688}.GRAPECITY|ARM64.ActiveCfg = Debug|ARM64
		{735859EB-4B00-444C-83B2-E0664332B688}.GRAPECITY|ARM64.Build.0 = Debug|ARM64
		{735859EB-4B00-444C-83B2-E0664332B688}.GRAPECITY|ARM64.Deploy.0 = Debug|ARM64
		{735859EB-4B00-444C-83B2-E0664332B688}.GRAPECITY|x64.ActiveCfg = Debug|x64
		{735859EB-4B00-444C-83B2-E0664332B688}.GRAPECITY|x64.Build.0 = Debug|x64
		{735859EB-4B00-444C-83B2-E0664332B688}.GRAPECITY|x64.Deploy.0 = Debug|x64
		{735859EB-4B00-444C-83B2-E0664332B688}.GRAPECITY|x86.ActiveCfg = Debug|x86
		{735859EB-4B00-444C-83B2-E0664332B688}.GRAPECITY|x86.Build.0 = Debug|x86
		{735859EB-4B00-444C-83B2-E0664332B688}.GRAPECITY|x86.Deploy.0 = Debug|x86
		{735859EB-4B00-444C-83B2-E0664332B688}.Release|Any CPU.ActiveCfg = Release|x64
		{735859EB-4B00-444C-83B2-E0664332B688}.Release|Any CPU.Build.0 = Release|x64
		{735859EB-4B00-444C-83B2-E0664332B688}.Release|Any CPU.Deploy.0 = Release|x64
		{735859EB-4B00-444C-83B2-E0664332B688}.Release|ARM64.ActiveCfg = Release|ARM64
		{735859EB-4B00-444C-83B2-E0664332B688}.Release|ARM64.Build.0 = Release|ARM64
		{735859EB-4B00-444C-83B2-E0664332B688}.Release|ARM64.Deploy.0 = Release|ARM64
		{735859EB-4B00-444C-83B2-E0664332B688}.Release|x64.ActiveCfg = Release|x64
		{735859EB-4B00-444C-83B2-E0664332B688}.Release|x64.Build.0 = Release|x64
		{735859EB-4B00-444C-83B2-E0664332B688}.Release|x64.Deploy.0 = Release|x64
		{735859EB-4B00-444C-83B2-E0664332B688}.Release|x86.ActiveCfg = Release|x86
		{735859EB-4B00-444C-83B2-E0664332B688}.Release|x86.Build.0 = Release|x86
		{735859EB-4B00-444C-83B2-E0664332B688}.Release|x86.Deploy.0 = Release|x86
	EndGlobalSection
	GlobalSection(SolutionProperties) = preSolution
		HideSolutionNode = FALSE
	EndGlobalSection
	GlobalSection(ExtensibilityGlobals) = postSolution
		SolutionGuid = {B8333F8F-14A7-422F-AD89-F485FD69535E}
	EndGlobalSection
EndGlobal
