
Microsoft Visual Studio Solution File, Format Version 12.00
# Visual Studio Version 17
Project("{FAE04EC0-301F-11D3-BF4B-00C04F79EFBC}") = "FlexViewer", "FlexViewer.csproj", "{942D3431-0228-4EF3-B96A-8A5973348E29}"
EndProject
Global
	GlobalSection(SolutionConfigurationPlatforms) = preSolution
		Debug_OBFUSCATION|Any CPU = Debug_OBFUSCATION|Any CPU
		Debug_OBFUSCATION|ARM64 = Debug_OBFUSCATION|ARM64
		Debug_OBFUSCATION|x64 = Debug_OBFUSCATION|x64
		Debug_OBFUSCATION|x86 = Debug_OBFUSCATION|x86
		Debug_Projects|Any CPU = Debug_Projects|Any CPU
		Debug_Projects|ARM64 = Debug_Projects|ARM64
		Debug_Projects|x64 = Debug_Projects|x64
		Debug_Projects|x86 = Debug_Projects|x86
		Debug|Any CPU = Debug|Any CPU
		Debug|ARM64 = Debug|ARM64
		Debug|x64 = Debug|x64
		Debug|x86 = Debug|x86
		Release_OBFUSCATION|Any CPU = Release_OBFUSCATION|Any CPU
		Release_OBFUSCATION|ARM64 = Release_OBFUSCATION|ARM64
		Release_OBFUSCATION|x64 = Release_OBFUSCATION|x64
		Release_OBFUSCATION|x86 = Release_OBFUSCATION|x86
		Release|Any CPU = Release|Any CPU
		Release|ARM64 = Release|ARM64
		Release|x64 = Release|x64
		Release|x86 = Release|x86
	EndGlobalSection
	GlobalSection(ProjectConfigurationPlatforms) = postSolution
		{942D3431-0228-4EF3-B96A-8A5973348E29}.Debug_OBFUSCATION|Any CPU.ActiveCfg = Debug|x64
		{942D3431-0228-4EF3-B96A-8A5973348E29}.Debug_OBFUSCATION|Any CPU.Build.0 = Debug|x64
		{942D3431-0228-4EF3-B96A-8A5973348E29}.Debug_OBFUSCATION|Any CPU.Deploy.0 = Debug|x64
		{942D3431-0228-4EF3-B96A-8A5973348E29}.Debug_OBFUSCATION|ARM64.ActiveCfg = Debug|ARM64
		{942D3431-0228-4EF3-B96A-8A5973348E29}.Debug_OBFUSCATION|ARM64.Build.0 = Debug|ARM64
		{942D3431-0228-4EF3-B96A-8A5973348E29}.Debug_OBFUSCATION|ARM64.Deploy.0 = Debug|ARM64
		{942D3431-0228-4EF3-B96A-8A5973348E29}.Debug_OBFUSCATION|x64.ActiveCfg = Debug|x64
		{942D3431-0228-4EF3-B96A-8A5973348E29}.Debug_OBFUSCATION|x64.Build.0 = Debug|x64
		{942D3431-0228-4EF3-B96A-8A5973348E29}.Debug_OBFUSCATION|x64.Deploy.0 = Debug|x64
		{942D3431-0228-4EF3-B96A-8A5973348E29}.Debug_OBFUSCATION|x86.ActiveCfg = Debug|x86
		{942D3431-0228-4EF3-B96A-8A5973348E29}.Debug_OBFUSCATION|x86.Build.0 = Debug|x86
		{942D3431-0228-4EF3-B96A-8A5973348E29}.Debug_OBFUSCATION|x86.Deploy.0 = Debug|x86
		{942D3431-0228-4EF3-B96A-8A5973348E29}.Debug_Projects|Any CPU.ActiveCfg = Debug|x64
		{942D3431-0228-4EF3-B96A-8A5973348E29}.Debug_Projects|Any CPU.Build.0 = Debug|x64
		{942D3431-0228-4EF3-B96A-8A5973348E29}.Debug_Projects|Any CPU.Deploy.0 = Debug|x64
		{942D3431-0228-4EF3-B96A-8A5973348E29}.Debug_Projects|ARM64.ActiveCfg = Debug|ARM64
		{942D3431-0228-4EF3-B96A-8A5973348E29}.Debug_Projects|ARM64.Build.0 = Debug|ARM64
		{942D3431-0228-4EF3-B96A-8A5973348E29}.Debug_Projects|ARM64.Deploy.0 = Debug|ARM64
		{942D3431-0228-4EF3-B96A-8A5973348E29}.Debug_Projects|x64.ActiveCfg = Debug|x64
		{942D3431-0228-4EF3-B96A-8A5973348E29}.Debug_Projects|x64.Build.0 = Debug|x64
		{942D3431-0228-4EF3-B96A-8A5973348E29}.Debug_Projects|x64.Deploy.0 = Debug|x64
		{942D3431-0228-4EF3-B96A-8A5973348E29}.Debug_Projects|x86.ActiveCfg = Debug|x86
		{942D3431-0228-4EF3-B96A-8A5973348E29}.Debug_Projects|x86.Build.0 = Debug|x86
		{942D3431-0228-4EF3-B96A-8A5973348E29}.Debug_Projects|x86.Deploy.0 = Debug|x86
		{942D3431-0228-4EF3-B96A-8A5973348E29}.Debug|Any CPU.ActiveCfg = Debug|x64
		{942D3431-0228-4EF3-B96A-8A5973348E29}.Debug|Any CPU.Build.0 = Debug|x64
		{942D3431-0228-4EF3-B96A-8A5973348E29}.Debug|Any CPU.Deploy.0 = Debug|x64
		{942D3431-0228-4EF3-B96A-8A5973348E29}.Debug|ARM64.ActiveCfg = Debug|ARM64
		{942D3431-0228-4EF3-B96A-8A5973348E29}.Debug|ARM64.Build.0 = Debug|ARM64
		{942D3431-0228-4EF3-B96A-8A5973348E29}.Debug|ARM64.Deploy.0 = Debug|ARM64
		{942D3431-0228-4EF3-B96A-8A5973348E29}.Debug|x64.ActiveCfg = Debug|x64
		{942D3431-0228-4EF3-B96A-8A5973348E29}.Debug|x64.Build.0 = Debug|x64
		{942D3431-0228-4EF3-B96A-8A5973348E29}.Debug|x64.Deploy.0 = Debug|x64
		{942D3431-0228-4EF3-B96A-8A5973348E29}.Debug|x86.ActiveCfg = Debug|x86
		{942D3431-0228-4EF3-B96A-8A5973348E29}.Debug|x86.Build.0 = Debug|x86
		{942D3431-0228-4EF3-B96A-8A5973348E29}.Debug|x86.Deploy.0 = Debug|x86
		{942D3431-0228-4EF3-B96A-8A5973348E29}.Release_OBFUSCATION|Any CPU.ActiveCfg = Release|x64
		{942D3431-0228-4EF3-B96A-8A5973348E29}.Release_OBFUSCATION|Any CPU.Build.0 = Release|x64
		{942D3431-0228-4EF3-B96A-8A5973348E29}.Release_OBFUSCATION|Any CPU.Deploy.0 = Release|x64
		{942D3431-0228-4EF3-B96A-8A5973348E29}.Release_OBFUSCATION|ARM64.ActiveCfg = Release|ARM64
		{942D3431-0228-4EF3-B96A-8A5973348E29}.Release_OBFUSCATION|ARM64.Build.0 = Release|ARM64
		{942D3431-0228-4EF3-B96A-8A5973348E29}.Release_OBFUSCATION|ARM64.Deploy.0 = Release|ARM64
		{942D3431-0228-4EF3-B96A-8A5973348E29}.Release_OBFUSCATION|x64.ActiveCfg = Release|x64
		{942D3431-0228-4EF3-B96A-8A5973348E29}.Release_OBFUSCATION|x64.Build.0 = Release|x64
		{942D3431-0228-4EF3-B96A-8A5973348E29}.Release_OBFUSCATION|x64.Deploy.0 = Release|x64
		{942D3431-0228-4EF3-B96A-8A5973348E29}.Release_OBFUSCATION|x86.ActiveCfg = Release|x86
		{942D3431-0228-4EF3-B96A-8A5973348E29}.Release_OBFUSCATION|x86.Build.0 = Release|x86
		{942D3431-0228-4EF3-B96A-8A5973348E29}.Release_OBFUSCATION|x86.Deploy.0 = Release|x86
		{942D3431-0228-4EF3-B96A-8A5973348E29}.Release|Any CPU.ActiveCfg = Release|x64
		{942D3431-0228-4EF3-B96A-8A5973348E29}.Release|Any CPU.Build.0 = Release|x64
		{942D3431-0228-4EF3-B96A-8A5973348E29}.Release|Any CPU.Deploy.0 = Release|x64
		{942D3431-0228-4EF3-B96A-8A5973348E29}.Release|ARM64.ActiveCfg = Release|ARM64
		{942D3431-0228-4EF3-B96A-8A5973348E29}.Release|ARM64.Build.0 = Release|ARM64
		{942D3431-0228-4EF3-B96A-8A5973348E29}.Release|ARM64.Deploy.0 = Release|ARM64
		{942D3431-0228-4EF3-B96A-8A5973348E29}.Release|x64.ActiveCfg = Release|x64
		{942D3431-0228-4EF3-B96A-8A5973348E29}.Release|x64.Build.0 = Release|x64
		{942D3431-0228-4EF3-B96A-8A5973348E29}.Release|x64.Deploy.0 = Release|x64
		{942D3431-0228-4EF3-B96A-8A5973348E29}.Release|x86.ActiveCfg = Release|x86
		{942D3431-0228-4EF3-B96A-8A5973348E29}.Release|x86.Build.0 = Release|x86
		{942D3431-0228-4EF3-B96A-8A5973348E29}.Release|x86.Deploy.0 = Release|x86
	EndGlobalSection
	GlobalSection(SolutionProperties) = preSolution
		HideSolutionNode = FALSE
	EndGlobalSection
	GlobalSection(ExtensibilityGlobals) = postSolution
		SolutionGuid = {25EE29D8-77E8-48B9-A686-4D9D24EBE662}
	EndGlobalSection
EndGlobal
